
Microsoft Visual Studio Solution File, Format Version 12.00
# Visual Studio Version 17
VisualStudioVersion = 17.0.31903.59
MinimumVisualStudioVersion = 10.0.40219.1
Project("{2150E333-8FDC-42A3-9474-1A3956D46DE8}") = "src", "src", "{827E0CD3-B72D-47B6-A68D-7590B98EB39B}"
EndProject
Project("{FAE04EC0-301F-11D3-BF4B-00C04F79EFBC}") = "EventPhoto.Api", "src\EventPhoto.Api\EventPhoto.Api.csproj", "{0374ACFB-23A6-4AB1-80F2-E656B6752FB4}"
EndProject
Project("{FAE04EC0-301F-11D3-BF4B-00C04F79EFBC}") = "EventPhoto.Application", "src\EventPhoto.Application\EventPhoto.Application.csproj", "{3AB8FA08-01A6-4777-B547-86A138E79C9A}"
EndProject
Project("{FAE04EC0-301F-11D3-BF4B-00C04F79EFBC}") = "EventPhoto.Domain", "src\EventPhoto.Domain\EventPhoto.Domain.csproj", "{DCD281B1-2E4F-4E39-BB98-F4798D95280A}"
EndProject
Project("{FAE04EC0-301F-11D3-BF4B-00C04F79EFBC}") = "EventPhoto.Infrastructure", "src\EventPhoto.Infrastructure\EventPhoto.Infrastructure.csproj", "{E2012A00-48B6-43A5-8D4E-BCEE4CD03FEB}"
EndProject
Project("{FAE04EC0-301F-11D3-BF4B-00C04F79EFBC}") = "EventPhoto.Contracts", "src\EventPhoto.Contracts\EventPhoto.Contracts.csproj", "{9DB73613-E159-4C1B-9539-7CD19834A41B}"
EndProject
Project("{FAE04EC0-301F-11D3-BF4B-00C04F79EFBC}") = "EventPhoto.Worker", "src\EventPhoto.Worker\EventPhoto.Worker.csproj", "{3C4B219B-9B9E-4540-B095-B199083160C4}"
EndProject
Global
	GlobalSection(SolutionConfigurationPlatforms) = preSolution
		Debug|Any CPU = Debug|Any CPU
		Debug|x64 = Debug|x64
		Debug|x86 = Debug|x86
		Release|Any CPU = Release|Any CPU
		Release|x64 = Release|x64
		Release|x86 = Release|x86
	EndGlobalSection
	GlobalSection(ProjectConfigurationPlatforms) = postSolution
		{0374ACFB-23A6-4AB1-80F2-E656B6752FB4}.Debug|Any CPU.ActiveCfg = Debug|Any CPU
		{0374ACFB-23A6-4AB1-80F2-E656B6752FB4}.Debug|Any CPU.Build.0 = Debug|Any CPU
		{0374ACFB-23A6-4AB1-80F2-E656B6752FB4}.Debug|x64.ActiveCfg = Debug|Any CPU
		{0374ACFB-23A6-4AB1-80F2-E656B6752FB4}.Debug|x64.Build.0 = Debug|Any CPU
		{0374ACFB-23A6-4AB1-80F2-E656B6752FB4}.Debug|x86.ActiveCfg = Debug|Any CPU
		{0374ACFB-23A6-4AB1-80F2-E656B6752FB4}.Debug|x86.Build.0 = Debug|Any CPU
		{0374ACFB-23A6-4AB1-80F2-E656B6752FB4}.Release|Any CPU.ActiveCfg = Release|Any CPU
		{0374ACFB-23A6-4AB1-80F2-E656B6752FB4}.Release|Any CPU.Build.0 = Release|Any CPU
		{0374ACFB-23A6-4AB1-80F2-E656B6752FB4}.Release|x64.ActiveCfg = Release|Any CPU
		{0374ACFB-23A6-4AB1-80F2-E656B6752FB4}.Release|x64.Build.0 = Release|Any CPU
		{0374ACFB-23A6-4AB1-80F2-E656B6752FB4}.Release|x86.ActiveCfg = Release|Any CPU
		{0374ACFB-23A6-4AB1-80F2-E656B6752FB4}.Release|x86.Build.0 = Release|Any CPU
		{3AB8FA08-01A6-4777-B547-86A138E79C9A}.Debug|Any CPU.ActiveCfg = Debug|Any CPU
		{3AB8FA08-01A6-4777-B547-86A138E79C9A}.Debug|Any CPU.Build.0 = Debug|Any CPU
		{3AB8FA08-01A6-4777-B547-86A138E79C9A}.Debug|x64.ActiveCfg = Debug|Any CPU
		{3AB8FA08-01A6-4777-B547-86A138E79C9A}.Debug|x64.Build.0 = Debug|Any CPU
		{3AB8FA08-01A6-4777-B547-86A138E79C9A}.Debug|x86.ActiveCfg = Debug|Any CPU
		{3AB8FA08-01A6-4777-B547-86A138E79C9A}.Debug|x86.Build.0 = Debug|Any CPU
		{3AB8FA08-01A6-4777-B547-86A138E79C9A}.Release|Any CPU.ActiveCfg = Release|Any CPU
		{3AB8FA08-01A6-4777-B547-86A138E79C9A}.Release|Any CPU.Build.0 = Release|Any CPU
		{3AB8FA08-01A6-4777-B547-86A138E79C9A}.Release|x64.ActiveCfg = Release|Any CPU
		{3AB8FA08-01A6-4777-B547-86A138E79C9A}.Release|x64.Build.0 = Release|Any CPU
		{3AB8FA08-01A6-4777-B547-86A138E79C9A}.Release|x86.ActiveCfg = Release|Any CPU
		{3AB8FA08-01A6-4777-B547-86A138E79C9A}.Release|x86.Build.0 = Release|Any CPU
		{DCD281B1-2E4F-4E39-BB98-F4798D95280A}.Debug|Any CPU.ActiveCfg = Debug|Any CPU
		{DCD281B1-2E4F-4E39-BB98-F4798D95280A}.Debug|Any CPU.Build.0 = Debug|Any CPU
		{DCD281B1-2E4F-4E39-BB98-F4798D95280A}.Debug|x64.ActiveCfg = Debug|Any CPU
		{DCD281B1-2E4F-4E39-BB98-F4798D95280A}.Debug|x64.Build.0 = Debug|Any CPU
		{DCD281B1-2E4F-4E39-BB98-F4798D95280A}.Debug|x86.ActiveCfg = Debug|Any CPU
		{DCD281B1-2E4F-4E39-BB98-F4798D95280A}.Debug|x86.Build.0 = Debug|Any CPU
		{DCD281B1-2E4F-4E39-BB98-F4798D95280A}.Release|Any CPU.ActiveCfg = Release|Any CPU
		{DCD281B1-2E4F-4E39-BB98-F4798D95280A}.Release|Any CPU.Build.0 = Release|Any CPU
		{DCD281B1-2E4F-4E39-BB98-F4798D95280A}.Release|x64.ActiveCfg = Release|Any CPU
		{DCD281B1-2E4F-4E39-BB98-F4798D95280A}.Release|x64.Build.0 = Release|Any CPU
		{DCD281B1-2E4F-4E39-BB98-F4798D95280A}.Release|x86.ActiveCfg = Release|Any CPU
		{DCD281B1-2E4F-4E39-BB98-F4798D95280A}.Release|x86.Build.0 = Release|Any CPU
		{E2012A00-48B6-43A5-8D4E-BCEE4CD03FEB}.Debug|Any CPU.ActiveCfg = Debug|Any CPU
		{E2012A00-48B6-43A5-8D4E-BCEE4CD03FEB}.Debug|Any CPU.Build.0 = Debug|Any CPU
		{E2012A00-48B6-43A5-8D4E-BCEE4CD03FEB}.Debug|x64.ActiveCfg = Debug|Any CPU
		{E2012A00-48B6-43A5-8D4E-BCEE4CD03FEB}.Debug|x64.Build.0 = Debug|Any CPU
		{E2012A00-48B6-43A5-8D4E-BCEE4CD03FEB}.Debug|x86.ActiveCfg = Debug|Any CPU
		{E2012A00-48B6-43A5-8D4E-BCEE4CD03FEB}.Debug|x86.Build.0 = Debug|Any CPU
		{E2012A00-48B6-43A5-8D4E-BCEE4CD03FEB}.Release|Any CPU.ActiveCfg = Release|Any CPU
		{E2012A00-48B6-43A5-8D4E-BCEE4CD03FEB}.Release|Any CPU.Build.0 = Release|Any CPU
		{E2012A00-48B6-43A5-8D4E-BCEE4CD03FEB}.Release|x64.ActiveCfg = Release|Any CPU
		{E2012A00-48B6-43A5-8D4E-BCEE4CD03FEB}.Release|x64.Build.0 = Release|Any CPU
		{E2012A00-48B6-43A5-8D4E-BCEE4CD03FEB}.Release|x86.ActiveCfg = Release|Any CPU
		{E2012A00-48B6-43A5-8D4E-BCEE4CD03FEB}.Release|x86.Build.0 = Release|Any CPU
		{9DB73613-E159-4C1B-9539-7CD19834A41B}.Debug|Any CPU.ActiveCfg = Debug|Any CPU
		{9DB73613-E159-4C1B-9539-7CD19834A41B}.Debug|Any CPU.Build.0 = Debug|Any CPU
		{9DB73613-E159-4C1B-9539-7CD19834A41B}.Debug|x64.ActiveCfg = Debug|Any CPU
		{9DB73613-E159-4C1B-9539-7CD19834A41B}.Debug|x64.Build.0 = Debug|Any CPU
		{9DB73613-E159-4C1B-9539-7CD19834A41B}.Debug|x86.ActiveCfg = Debug|Any CPU
		{9DB73613-E159-4C1B-9539-7CD19834A41B}.Debug|x86.Build.0 = Debug|Any CPU
		{9DB73613-E159-4C1B-9539-7CD19834A41B}.Release|Any CPU.ActiveCfg = Release|Any CPU
		{9DB73613-E159-4C1B-9539-7CD19834A41B}.Release|Any CPU.Build.0 = Release|Any CPU
		{9DB73613-E159-4C1B-9539-7CD19834A41B}.Release|x64.ActiveCfg = Release|Any CPU
		{9DB73613-E159-4C1B-9539-7CD19834A41B}.Release|x64.Build.0 = Release|Any CPU
		{9DB73613-E159-4C1B-9539-7CD19834A41B}.Release|x86.ActiveCfg = Release|Any CPU
		{9DB73613-E159-4C1B-9539-7CD19834A41B}.Release|x86.Build.0 = Release|Any CPU
		{3C4B219B-9B9E-4540-B095-B199083160C4}.Debug|Any CPU.ActiveCfg = Debug|Any CPU
		{3C4B219B-9B9E-4540-B095-B199083160C4}.Debug|Any CPU.Build.0 = Debug|Any CPU
		{3C4B219B-9B9E-4540-B095-B199083160C4}.Debug|x64.ActiveCfg = Debug|Any CPU
		{3C4B219B-9B9E-4540-B095-B199083160C4}.Debug|x64.Build.0 = Debug|Any CPU
		{3C4B219B-9B9E-4540-B095-B199083160C4}.Debug|x86.ActiveCfg = Debug|Any CPU
		{3C4B219B-9B9E-4540-B095-B199083160C4}.Debug|x86.Build.0 = Debug|Any CPU
		{3C4B219B-9B9E-4540-B095-B199083160C4}.Release|Any CPU.ActiveCfg = Release|Any CPU
		{3C4B219B-9B9E-4540-B095-B199083160C4}.Release|Any CPU.Build.0 = Release|Any CPU
		{3C4B219B-9B9E-4540-B095-B199083160C4}.Release|x64.ActiveCfg = Release|Any CPU
		{3C4B219B-9B9E-4540-B095-B199083160C4}.Release|x64.Build.0 = Release|Any CPU
		{3C4B219B-9B9E-4540-B095-B199083160C4}.Release|x86.ActiveCfg = Release|Any CPU
		{3C4B219B-9B9E-4540-B095-B199083160C4}.Release|x86.Build.0 = Release|Any CPU
	EndGlobalSection
	GlobalSection(SolutionProperties) = preSolution
		HideSolutionNode = FALSE
	EndGlobalSection
	GlobalSection(NestedProjects) = preSolution
		{0374ACFB-23A6-4AB1-80F2-E656B6752FB4} = {827E0CD3-B72D-47B6-A68D-7590B98EB39B}
		{3AB8FA08-01A6-4777-B547-86A138E79C9A} = {827E0CD3-B72D-47B6-A68D-7590B98EB39B}
		{DCD281B1-2E4F-4E39-BB98-F4798D95280A} = {827E0CD3-B72D-47B6-A68D-7590B98EB39B}
		{E2012A00-48B6-43A5-8D4E-BCEE4CD03FEB} = {827E0CD3-B72D-47B6-A68D-7590B98EB39B}
		{9DB73613-E159-4C1B-9539-7CD19834A41B} = {827E0CD3-B72D-47B6-A68D-7590B98EB39B}
		{3C4B219B-9B9E-4540-B095-B199083160C4} = {827E0CD3-B72D-47B6-A68D-7590B98EB39B}
	EndGlobalSection
EndGlobal
